
Microsoft Visual Studio Solution File, Format Version 12.00
# Visual Studio Version 17
VisualStudioVersion = 17.10.34928.147
MinimumVisualStudioVersion = 10.0.40219.1
Project("{FAE04EC0-301F-11D3-BF4B-00C04F79EFBC}") = "Gordan AImsy", "Gordan AImsy\Gordan AImsy.csproj", "{BFC27A52-AED0-4958-8C31-5ADBC554128B}"
EndProject
Global
	GlobalSection(SolutionConfigurationPlatforms) = preSolution
		Debug|Any CPU = Debug|Any CPU
		Release|Any CPU = Release|Any CPU
	EndGlobalSection
	GlobalSection(ProjectConfigurationPlatforms) = postSolution
		{BFC27A52-AED0-4958-8C31-5ADBC554128B}.Debug|Any CPU.ActiveCfg = Debug|Any CPU
		{BFC27A52-AED0-4958-8C31-5ADBC554128B}.Debug|Any CPU.Build.0 = Debug|Any CPU
		{BFC27A52-AED0-4958-8C31-5ADBC554128B}.Debug|Any CPU.Deploy.0 = Debug|Any CPU
		{BFC27A52-AED0-4958-8C31-5ADBC554128B}.Release|Any CPU.ActiveCfg = Release|Any CPU
		{BFC27A52-AED0-4958-8C31-5ADBC554128B}.Release|Any CPU.Build.0 = Release|Any CPU
		{BFC27A52-AED0-4958-8C31-5ADBC554128B}.Release|Any CPU.Deploy.0 = Release|Any CPU
	EndGlobalSection
	GlobalSection(SolutionProperties) = preSolution
		HideSolutionNode = FALSE
	EndGlobalSection
	GlobalSection(ExtensibilityGlobals) = postSolution
		SolutionGuid = {41CFAA60-5CA0-4FAB-87B3-B46E783E512D}
	EndGlobalSection
EndGlobal
